PODS:
  - device_info_plus (0.0.1):
    - Flutter
  - environment_sensors (0.0.1):
    - Flutter
  - Flutter (1.0.0)
  - flutter_fgbg (0.0.1):
    - Flutter
  - motion_sensors (0.0.1):
    - Flutter
  - vibration (1.7.5):
    - Flutter

DEPENDENCIES:
  - device_info_plus (from `.symlinks/plugins/device_info_plus/ios`)
  - environment_sensors (from `.symlinks/plugins/environment_sensors/ios`)
  - Flutter (from `Flutter`)
  - flutter_fgbg (from `.symlinks/plugins/flutter_fgbg/ios`)
  - motion_sensors (from `.symlinks/plugins/motion_sensors/ios`)
  - vibration (from `.symlinks/plugins/vibration/ios`)

EXTERNAL SOURCES:
  device_info_plus:
    :path: ".symlinks/plugins/device_info_plus/ios"
  environment_sensors:
    :path: ".symlinks/plugins/environment_sensors/ios"
  Flutter:
    :path: Flutter
  flutter_fgbg:
    :path: ".symlinks/plugins/flutter_fgbg/ios"
  motion_sensors:
    :path: ".symlinks/plugins/motion_sensors/ios"
  vibration:
    :path: ".symlinks/plugins/vibration/ios"

SPEC CHECKSUMS:
  device_info_plus: 97af1d7e84681a90d0693e63169a5d50e0839a0d
  environment_sensors: 46802526e2f9e5b84722e0327d6391168b7ad74f
  Flutter: cabc95a1d2626b1b06e7179b784ebcf0c0cde467
  flutter_fgbg: 31c0d1140a131daea2d342121808f6aa0dcd879d
  motion_sensors: 03f55b7c637a7e365a0b5f9697a449f9059d5d91
  vibration: 7d883d141656a1c1a6d8d238616b2042a51a1241

PODFILE CHECKSUM: 7b0d07bdbe0a21e4c70e8292d899831b73ebdedb

COCOAPODS: 1.13.0
